# THIS IS AN AUTOGENERATED FILE. DO NOT EDIT THIS FILE DIRECTLY.
# yarn lockfile v1


"@types/events@*":
  version "3.0.0"
  resolved "http://registry.npm.taobao.org/@types/events/download/@types/events-3.0.0.tgz#2862f3f58a9a7f7c3e78d79f130dd4d71c25c2a7"

"@types/node@*":
  version "10.12.19"
  resolved "http://registry.npm.taobao.org/@types/node/download/@types/node-10.12.19.tgz#ca1018c26be01f07e66ac7fefbeb6407e4490c61"

"@types/pino@^4.16.0":
  version "4.16.1"
  resolved "http://registry.npm.taobao.org/@types/pino/download/@types/pino-4.16.1.tgz#3b4b36e707cb364dcf0903503a7f44df67294b1c"
  dependencies:
    "@types/events" "*"
    "@types/node" "*"

abstract-logging@^1.0.0:
  version "1.0.0"
  resolved "http://registry.npm.taobao.org/abstract-logging/download/abstract-logging-1.0.0.tgz#8b7deafd310559bc28f77724dd1bb30177278c1b"

ajv@^6.0.0, ajv@^6.5.4, ajv@^6.6.1:
  version "6.7.0"
  resolved "http://registry.npm.taobao.org/ajv/download/ajv-6.7.0.tgz#e3ce7bb372d6577bb1839f1dfdfcbf5ad2948d96"
  dependencies:
    fast-deep-equal "^2.0.1"
    fast-json-stable-stringify "^2.0.0"
    json-schema-traverse "^0.4.1"
    uri-js "^4.2.2"

ansi-styles@^3.2.1:
  version "3.2.1"
  resolved "http://registry.npm.taobao.org/ansi-styles/download/ansi-styles-3.2.1.tgz#41fbb20243e50b12be0f04b8dedbf07520ce841d"
  dependencies:
    color-convert "^1.9.0"

async@2.6.1:
  version "2.6.1"
  resolved "http://registry.npm.taobao.org/async/download/async-2.6.1.tgz#b245a23ca71930044ec53fa46aa00a3e87c6a610"
  dependencies:
    lodash "^4.17.10"

avvio@^5.8.0:
  version "5.9.0"
  resolved "http://registry.npm.taobao.org/avvio/download/avvio-5.9.0.tgz#3513709b7d6a2bd93cb20252a13a875ae54d0b0a"
  dependencies:
    debug "^3.1.0"
    fastq "^1.6.0"

bluebird@3.5.1:
  version "3.5.1"
  resolved "http://registry.npm.taobao.org/bluebird/download/bluebird-3.5.1.tgz#d9551f9de98f1fcda1e683d17ee91a0602ee2eb9"

bson@^1.1.0, bson@~1.1.0:
  version "1.1.0"
  resolved "http://registry.npm.taobao.org/bson/download/bson-1.1.0.tgz#bee57d1fb6a87713471af4e32bcae36de814b5b0"

buffer-equal-constant-time@1.0.1:
  version "1.0.1"
  resolved "http://registry.npm.taobao.org/buffer-equal-constant-time/download/buffer-equal-constant-time-1.0.1.tgz#f8e71132f7ffe6e01a5c9697a4c6f3e48d5cc819"

chalk@^2.4.1:
  version "2.4.2"
  resolved "http://registry.npm.taobao.org/chalk/download/chalk-2.4.2.tgz#cd42541677a54333cf541a49108c1432b44c9424"
  dependencies:
    ansi-styles "^3.2.1"
    escape-string-regexp "^1.0.5"
    supports-color "^5.3.0"

color-convert@^1.9.0:
  version "1.9.3"
  resolved "http://registry.npm.taobao.org/color-convert/download/color-convert-1.9.3.tgz#bb71850690e1f136567de629d2d5471deda4c1e8"
  dependencies:
    color-name "1.1.3"

color-name@1.1.3:
  version "1.1.3"
  resolved "http://registry.npm.taobao.org/color-name/download/color-name-1.1.3.tgz#a7d0558bd89c42f795dd42328f740831ca53bc25"

core-util-is@~1.0.0:
  version "1.0.2"
  resolved "http://registry.npm.taobao.org/core-util-is/download/core-util-is-1.0.2.tgz#b5fd54220aa2bc5ab57aab7140c940754503c1a7"

debug@3.1.0:
  version "3.1.0"
  resolved "http://registry.npm.taobao.org/debug/download/debug-3.1.0.tgz#5bb5a0672628b64149566ba16819e61518c67261"
  dependencies:
    ms "2.0.0"

debug@^3.1.0:
  version "3.2.6"
  resolved "http://registry.npm.taobao.org/debug/download/debug-3.2.6.tgz#e83d17de16d8a7efb7717edbe5fb10135eee629b"
  dependencies:
    ms "^2.1.1"

deepmerge@^3.0.0:
  version "3.1.0"
  resolved "http://registry.npm.taobao.org/deepmerge/download/deepmerge-3.1.0.tgz#a612626ce4803da410d77554bfd80361599c034d"

depd@~1.1.2:
  version "1.1.2"
  resolved "http://registry.npm.taobao.org/depd/download/depd-1.1.2.tgz#9bcd52e14c097763e749b274c4346ed2e560b5a9"

ecdsa-sig-formatter@1.0.10:
  version "1.0.10"
  resolved "http://registry.npm.taobao.org/ecdsa-sig-formatter/download/ecdsa-sig-formatter-1.0.10.tgz#1c595000f04a8897dfb85000892a0f4c33af86c3"
  dependencies:
    safe-buffer "^5.0.1"

end-of-stream@^1.1.0, end-of-stream@^1.4.1:
  version "1.4.1"
  resolved "http://registry.npm.taobao.org/end-of-stream/download/end-of-stream-1.4.1.tgz#ed29634d19baba463b6ce6b80a37213eab71ec43"
  dependencies:
    once "^1.4.0"

escape-string-regexp@^1.0.5:
  version "1.0.5"
  resolved "http://registry.npm.taobao.org/escape-string-regexp/download/escape-string-regexp-1.0.5.tgz#1b61c0562190a8dff6ae3bb2cf0200ca130b86d4"

fast-decode-uri-component@^1.0.0:
  version "1.0.0"
  resolved "http://registry.npm.taobao.org/fast-decode-uri-component/download/fast-decode-uri-component-1.0.0.tgz#7ce10336aa4b26286fee93d71e6785ff0f596a33"

fast-deep-equal@^2.0.1:
  version "2.0.1"
  resolved "http://registry.npm.taobao.org/fast-deep-equal/download/fast-deep-equal-2.0.1.tgz#7b05218ddf9667bf7f370bf7fdb2cb15fdd0aa49"

fast-json-parse@^1.0.3:
  version "1.0.3"
  resolved "http://registry.npm.taobao.org/fast-json-parse/download/fast-json-parse-1.0.3.tgz#43e5c61ee4efa9265633046b770fb682a7577c4d"

fast-json-stable-stringify@^2.0.0:
  version "2.0.0"
  resolved "http://registry.npm.taobao.org/fast-json-stable-stringify/download/fast-json-stable-stringify-2.0.0.tgz#d5142c0caee6b1189f87d3a76111064f86c8bbf2"

fast-json-stringify@^1.8.0:
  version "1.10.0"
  resolved "http://registry.npm.taobao.org/fast-json-stringify/download/fast-json-stringify-1.10.0.tgz#207242b7e26f0b981cc198bf904e321a9b4db95f"
  dependencies:
    ajv "^6.5.4"
    deepmerge "^3.0.0"

fast-safe-stringify@^1.0.8, fast-safe-stringify@^1.2.3:
  version "1.2.3"
  resolved "http://registry.npm.taobao.org/fast-safe-stringify/download/fast-safe-stringify-1.2.3.tgz#9fe22c37fb2f7f86f06b8f004377dbf8f1ee7bc1"

fastfall@^1.5.0:
  version "1.5.1"
  resolved "http://registry.npm.taobao.org/fastfall/download/fastfall-1.5.1.tgz#3fee03331a49d1d39b3cdf7a5e9cd66f475e7b94"
  dependencies:
    reusify "^1.0.0"

fastify-jwt@^0.9.1:
  version "0.9.1"
  resolved "http://registry.npm.taobao.org/fastify-jwt/download/fastify-jwt-0.9.1.tgz#77fa5c5bd14cb22c8e5f778021e8445b9aa5f10c"
  dependencies:
    fastify-plugin "^1.2.0"
    http-errors "^1.7.1"
    jsonwebtoken "^8.3.0"
    steed "^1.1.3"

fastify-plugin@^1.2.0, fastify-plugin@^1.4.0:
  version "1.4.0"
  resolved "http://registry.npm.taobao.org/fastify-plugin/download/fastify-plugin-1.4.0.tgz#9f63ffc304a2f34e890773e78d2ba6908536e5b2"
  dependencies:
    semver "^5.5.0"

fastify@^1.13.4:
  version "1.13.4"
  resolved "http://registry.npm.taobao.org/fastify/download/fastify-1.13.4.tgz#a48a1244921c2d4fb092f6ee419be18c3483df1a"
  dependencies:
    "@types/pino" "^4.16.0"
    abstract-logging "^1.0.0"
    ajv "^6.6.1"
    avvio "^5.8.0"
    end-of-stream "^1.4.1"
    fast-json-stringify "^1.8.0"
    find-my-way "^1.16.0"
    flatstr "^1.0.9"
    light-my-request "^3.0.0"
    middie "^3.1.0"
    pino "^4.17.3"
    proxy-addr "^2.0.3"
    tiny-lru "^2.0.0"

fastparallel@^2.2.0:
  version "2.3.0"
  resolved "http://registry.npm.taobao.org/fastparallel/download/fastparallel-2.3.0.tgz#1e709bfb6a03993f3857e3ce7f01311ce7602613"
  dependencies:
    reusify "^1.0.0"
    xtend "^4.0.1"

fastq@^1.3.0, fastq@^1.6.0:
  version "1.6.0"
  resolved "http://registry.npm.taobao.org/fastq/download/fastq-1.6.0.tgz#4ec8a38f4ac25f21492673adb7eae9cfef47d1c2"
  dependencies:
    reusify "^1.0.0"

fastseries@^1.7.0:
  version "1.7.2"
  resolved "http://registry.npm.taobao.org/fastseries/download/fastseries-1.7.2.tgz#d22ce13b9433dff3388d91dbd6b8bda9b21a0f4b"
  dependencies:
    reusify "^1.0.0"
    xtend "^4.0.0"

find-my-way@^1.16.0:
  version "1.18.0"
  resolved "http://registry.npm.taobao.org/find-my-way/download/find-my-way-1.18.0.tgz#a21507071cce27e2ed54d7d487b871260f556197"
  dependencies:
    fast-decode-uri-component "^1.0.0"
    safe-regex "^1.1.0"
    semver-store "^0.3.0"

flatstr@^1.0.5, flatstr@^1.0.9:
  version "1.0.9"
  resolved "http://registry.npm.taobao.org/flatstr/download/flatstr-1.0.9.tgz#0950d56fec02de1030c1311847ecd58c25690eb9"

forwarded@~0.1.2:
  version "0.1.2"
  resolved "http://registry.npm.taobao.org/forwarded/download/forwarded-0.1.2.tgz#98c23dab1175657b8c0573e8ceccd91b0ff18c84"

has-flag@^3.0.0:
  version "3.0.0"
  resolved "http://registry.npm.taobao.org/has-flag/download/has-flag-3.0.0.tgz#b5d454dc2199ae225699f3467e5a07f3b955bafd"

http-errors@^1.7.1:
  version "1.7.1"
  resolved "http://registry.npm.taobao.org/http-errors/download/http-errors-1.7.1.tgz#6a4ffe5d35188e1c39f872534690585852e1f027"
  dependencies:
    depd "~1.1.2"
    inherits "2.0.3"
    setprototypeof "1.1.0"
    statuses ">= 1.5.0 < 2"
    toidentifier "1.0.0"

inherits@2.0.3, inherits@^2.0.3, inherits@~2.0.3:
  version "2.0.3"
  resolved "http://registry.npm.taobao.org/inherits/download/inherits-2.0.3.tgz#633c2c83e3da42a502f52466022480f4208261de"

ipaddr.js@1.8.0:
  version "1.8.0"
  resolved "http://registry.npm.taobao.org/ipaddr.js/download/ipaddr.js-1.8.0.tgz#eaa33d6ddd7ace8f7f6fe0c9ca0440e706738b1e"

isarray@~1.0.0:
  version "1.0.0"
  resolved "http://registry.npm.taobao.org/isarray/download/isarray-1.0.0.tgz#bb935d48582cba168c06834957a54a3e07124f11"

json-schema-traverse@^0.4.1:
  version "0.4.1"
  resolved "http://registry.npm.taobao.org/json-schema-traverse/download/json-schema-traverse-0.4.1.tgz#69f6a87d9513ab8bb8fe63bdb0979c448e684660"

jsonwebtoken@^8.3.0:
  version "8.4.0"
  resolved "http://registry.npm.taobao.org/jsonwebtoken/download/jsonwebtoken-8.4.0.tgz#8757f7b4cb7440d86d5e2f3becefa70536c8e46a"
  dependencies:
    jws "^3.1.5"
    lodash.includes "^4.3.0"
    lodash.isboolean "^3.0.3"
    lodash.isinteger "^4.0.4"
    lodash.isnumber "^3.0.3"
    lodash.isplainobject "^4.0.6"
    lodash.isstring "^4.0.1"
    lodash.once "^4.0.0"
    ms "^2.1.1"

jwa@^1.2.0:
  version "1.2.0"
  resolved "http://registry.npm.taobao.org/jwa/download/jwa-1.2.0.tgz#606da70c1c6d425cad329c77c99f2df2a981489a"
  dependencies:
    buffer-equal-constant-time "1.0.1"
    ecdsa-sig-formatter "1.0.10"
    safe-buffer "^5.0.1"

jws@^3.1.5:
  version "3.2.1"
  resolved "http://registry.npm.taobao.org/jws/download/jws-3.2.1.tgz#d79d4216a62c9afa0a3d5e8b5356d75abdeb2be5"
  dependencies:
    jwa "^1.2.0"
    safe-buffer "^5.0.1"

kareem@2.3.0:
  version "2.3.0"
  resolved "http://registry.npm.taobao.org/kareem/download/kareem-2.3.0.tgz#ef33c42e9024dce511eeaf440cd684f3af1fc769"

light-my-request@^3.0.0:
  version "3.1.0"
  resolved "http://registry.npm.taobao.org/light-my-request/download/light-my-request-3.1.0.tgz#c2bc47c329622d4282cd34764f6f4dfbcbe73144"
  dependencies:
    ajv "^6.0.0"
    readable-stream "^3.0.0"

lodash.includes@^4.3.0:
  version "4.3.0"
  resolved "http://registry.npm.taobao.org/lodash.includes/download/lodash.includes-4.3.0.tgz#60bb98a87cb923c68ca1e51325483314849f553f"

lodash.isboolean@^3.0.3:
  version "3.0.3"
  resolved "http://registry.npm.taobao.org/lodash.isboolean/download/lodash.isboolean-3.0.3.tgz#6c2e171db2a257cd96802fd43b01b20d5f5870f6"

lodash.isinteger@^4.0.4:
  version "4.0.4"
  resolved "http://registry.npm.taobao.org/lodash.isinteger/download/lodash.isinteger-4.0.4.tgz#619c0af3d03f8b04c31f5882840b77b11cd68343"

lodash.isnumber@^3.0.3:
  version "3.0.3"
  resolved "http://registry.npm.taobao.org/lodash.isnumber/download/lodash.isnumber-3.0.3.tgz#3ce76810c5928d03352301ac287317f11c0b1ffc"

lodash.isplainobject@^4.0.6:
  version "4.0.6"
  resolved "http://registry.npm.taobao.org/lodash.isplainobject/download/lodash.isplainobject-4.0.6.tgz#7c526a52d89b45c45cc690b88163be0497f550cb"

lodash.isstring@^4.0.1:
  version "4.0.1"
  resolved "http://registry.npm.taobao.org/lodash.isstring/download/lodash.isstring-4.0.1.tgz#d527dfb5456eca7cc9bb95d5daeaf88ba54a5451"

lodash.once@^4.0.0:
  version "4.1.1"
  resolved "http://registry.npm.taobao.org/lodash.once/download/lodash.once-4.1.1.tgz#0dd3971213c7c56df880977d504c88fb471a97ac"

lodash@^4.17.10:
  version "4.17.11"
  resolved "http://registry.npm.taobao.org/lodash/download/lodash-4.17.11.tgz#b39ea6229ef607ecd89e2c8df12536891cac9b8d"

memory-pager@^1.0.2:
  version "1.5.0"
  resolved "http://registry.npm.taobao.org/memory-pager/download/memory-pager-1.5.0.tgz#d8751655d22d384682741c972f2c3d6dfa3e66b5"

middie@^3.1.0:
  version "3.2.1"
  resolved "http://registry.npm.taobao.org/middie/download/middie-3.2.1.tgz#90fde2e6bbcbc2c0b61082a09a7623aaa40cf1ff"
  dependencies:
    path-to-regexp "^2.0.0"
    reusify "^1.0.2"

mongodb-core@3.1.9:
  version "3.1.9"
  resolved "http://registry.npm.taobao.org/mongodb-core/download/mongodb-core-3.1.9.tgz#c31ee407bf932b0149eaed775c17ee09974e4ca3"
  dependencies:
    bson "^1.1.0"
    require_optional "^1.0.1"
    safe-buffer "^5.1.2"
  optionalDependencies:
    saslprep "^1.0.0"

mongodb@3.1.10:
  version "3.1.10"
  resolved "http://registry.npm.taobao.org/mongodb/download/mongodb-3.1.10.tgz#45ad9b74ea376f4122d0881b75e5489b9e504ed7"
  dependencies:
    mongodb-core "3.1.9"
    safe-buffer "^5.1.2"

mongoose-legacy-pluralize@1.0.2:
  version "1.0.2"
  resolved "http://registry.npm.taobao.org/mongoose-legacy-pluralize/download/mongoose-legacy-pluralize-1.0.2.tgz#3ba9f91fa507b5186d399fb40854bff18fb563e4"

mongoose@^5.4.7:
  version "5.4.7"
  resolved "http://registry.npm.taobao.org/mongoose/download/mongoose-5.4.7.tgz#eac012b38636a4b9075f66480263dd426e65c5c1"
  dependencies:
    async "2.6.1"
    bson "~1.1.0"
    kareem "2.3.0"
    mongodb "3.1.10"
    mongodb-core "3.1.9"
    mongoose-legacy-pluralize "1.0.2"
    mpath "0.5.1"
    mquery "3.2.0"
    ms "2.0.0"
    regexp-clone "0.0.1"
    safe-buffer "5.1.2"
    sliced "1.0.1"

mpath@0.5.1:
  version "0.5.1"
  resolved "http://registry.npm.taobao.org/mpath/download/mpath-0.5.1.tgz#17131501f1ff9e6e4fbc8ffa875aa7065b5775ab"

mquery@3.2.0:
  version "3.2.0"
  resolved "http://registry.npm.taobao.org/mquery/download/mquery-3.2.0.tgz#e276472abd5109686a15eb2a8e0761db813c81cc"
  dependencies:
    bluebird "3.5.1"
    debug "3.1.0"
    regexp-clone "0.0.1"
    safe-buffer "5.1.2"
    sliced "1.0.1"

ms@2.0.0:
  version "2.0.0"
  resolved "http://registry.npm.taobao.org/ms/download/ms-2.0.0.tgz#5608aeadfc00be6c2901df5f9861788de0d597c8"

ms@^2.1.1:
  version "2.1.1"
  resolved "http://registry.npm.taobao.org/ms/download/ms-2.1.1.tgz#30a5864eb3ebb0a66f2ebe6d727af06a09d86e0a"

once@^1.3.1, once@^1.4.0:
  version "1.4.0"
  resolved "http://registry.npm.taobao.org/once/download/once-1.4.0.tgz#583b1aa775961d4b113ac17d9c50baef9dd76bd1"
  dependencies:
    wrappy "1"

path-to-regexp@^2.0.0:
  version "2.4.0"
  resolved "http://registry.npm.taobao.org/path-to-regexp/download/path-to-regexp-2.4.0.tgz#35ce7f333d5616f1c1e1bfe266c3aba2e5b2e704"

pino-std-serializers@^2.0.0:
  version "2.3.0"
  resolved "http://registry.npm.taobao.org/pino-std-serializers/download/pino-std-serializers-2.3.0.tgz#34eeaab97c055c28e22c0542ae55978e7e427786"

pino@^4.17.3:
  version "4.17.6"
  resolved "http://registry.npm.taobao.org/pino/download/pino-4.17.6.tgz#8c237f3a29f4104f89321c25037deab6a7998fb4"
  dependencies:
    chalk "^2.4.1"
    fast-json-parse "^1.0.3"
    fast-safe-stringify "^1.2.3"
    flatstr "^1.0.5"
    pino-std-serializers "^2.0.0"
    pump "^3.0.0"
    quick-format-unescaped "^1.1.2"
    split2 "^2.2.0"

process-nextick-args@~2.0.0:
  version "2.0.0"
  resolved "http://registry.npm.taobao.org/process-nextick-args/download/process-nextick-args-2.0.0.tgz#a37d732f4271b4ab1ad070d35508e8290788ffaa"

proxy-addr@^2.0.3:
  version "2.0.4"
  resolved "http://registry.npm.taobao.org/proxy-addr/download/proxy-addr-2.0.4.tgz#ecfc733bf22ff8c6f407fa275327b9ab67e48b93"
  dependencies:
    forwarded "~0.1.2"
    ipaddr.js "1.8.0"

pump@^3.0.0:
  version "3.0.0"
  resolved "http://registry.npm.taobao.org/pump/download/pump-3.0.0.tgz#b4a2116815bde2f4e1ea602354e8c75565107a64"
  dependencies:
    end-of-stream "^1.1.0"
    once "^1.3.1"

punycode@^2.1.0:
  version "2.1.1"
  resolved "http://registry.npm.taobao.org/punycode/download/punycode-2.1.1.tgz#b58b010ac40c22c5657616c8d2c2c02c7bf479ec"

quick-format-unescaped@^1.1.2:
  version "1.1.2"
  resolved "http://registry.npm.taobao.org/quick-format-unescaped/download/quick-format-unescaped-1.1.2.tgz#0ca581de3174becef25ac3c2e8956342381db698"
  dependencies:
    fast-safe-stringify "^1.0.8"

readable-stream@^3.0.0:
  version "3.1.1"
  resolved "http://registry.npm.taobao.org/readable-stream/download/readable-stream-3.1.1.tgz#ed6bbc6c5ba58b090039ff18ce670515795aeb06"
  dependencies:
    inherits "^2.0.3"
    string_decoder "^1.1.1"
    util-deprecate "^1.0.1"

readable-stream@~2.3.6:
  version "2.3.6"
  resolved "http://registry.npm.taobao.org/readable-stream/download/readable-stream-2.3.6.tgz#b11c27d88b8ff1fbe070643cf94b0c79ae1b0aaf"
  dependencies:
    core-util-is "~1.0.0"
    inherits "~2.0.3"
    isarray "~1.0.0"
    process-nextick-args "~2.0.0"
    safe-buffer "~5.1.1"
    string_decoder "~1.1.1"
    util-deprecate "~1.0.1"

regexp-clone@0.0.1:
  version "0.0.1"
  resolved "http://registry.npm.taobao.org/regexp-clone/download/regexp-clone-0.0.1.tgz#a7c2e09891fdbf38fbb10d376fb73003e68ac589"

require_optional@^1.0.1:
  version "1.0.1"
  resolved "http://registry.npm.taobao.org/require_optional/download/require_optional-1.0.1.tgz#4cf35a4247f64ca3df8c2ef208cc494b1ca8fc2e"
  dependencies:
    resolve-from "^2.0.0"
    semver "^5.1.0"

resolve-from@^2.0.0:
  version "2.0.0"
  resolved "http://registry.npm.taobao.org/resolve-from/download/resolve-from-2.0.0.tgz#9480ab20e94ffa1d9e80a804c7ea147611966b57"

ret@~0.1.10:
  version "0.1.15"
  resolved "http://registry.npm.taobao.org/ret/download/ret-0.1.15.tgz#b8a4825d5bdb1fc3f6f53c2bc33f81388681c7bc"

reusify@^1.0.0, reusify@^1.0.2:
  version "1.0.4"
  resolved "http://registry.npm.taobao.org/reusify/download/reusify-1.0.4.tgz#90da382b1e126efc02146e90845a88db12925d76"

safe-buffer@5.1.2, safe-buffer@^5.0.1, safe-buffer@^5.1.2, safe-buffer@~5.1.0, safe-buffer@~5.1.1:
  version "5.1.2"
  resolved "http://registry.npm.taobao.org/safe-buffer/download/safe-buffer-5.1.2.tgz#991ec69d296e0313747d59bdfd2b745c35f8828d"

safe-regex@^1.1.0:
  version "1.1.0"
  resolved "http://registry.npm.taobao.org/safe-regex/download/safe-regex-1.1.0.tgz#40a3669f3b077d1e943d44629e157dd48023bf2e"
  dependencies:
    ret "~0.1.10"

saslprep@^1.0.0:
  version "1.0.2"
  resolved "http://registry.npm.taobao.org/saslprep/download/saslprep-1.0.2.tgz#da5ab936e6ea0bbae911ffec77534be370c9f52d"
  dependencies:
    sparse-bitfield "^3.0.3"

semver-store@^0.3.0:
  version "0.3.0"
  resolved "http://registry.npm.taobao.org/semver-store/download/semver-store-0.3.0.tgz#ce602ff07df37080ec9f4fb40b29576547befbe9"

semver@^5.1.0, semver@^5.5.0:
  version "5.6.0"
  resolved "http://registry.npm.taobao.org/semver/download/semver-5.6.0.tgz#7e74256fbaa49c75aa7c7a205cc22799cac80004"

setprototypeof@1.1.0:
  version "1.1.0"
  resolved "http://registry.npm.taobao.org/setprototypeof/download/setprototypeof-1.1.0.tgz#d0bd85536887b6fe7c0d818cb962d9d91c54e656"

sliced@1.0.1:
  version "1.0.1"
  resolved "http://registry.npm.taobao.org/sliced/download/sliced-1.0.1.tgz#0b3a662b5d04c3177b1926bea82b03f837a2ef41"

sparse-bitfield@^3.0.3:
  version "3.0.3"
  resolved "http://registry.npm.taobao.org/sparse-bitfield/download/sparse-bitfield-3.0.3.tgz#ff4ae6e68656056ba4b3e792ab3334d38273ca11"
  dependencies:
    memory-pager "^1.0.2"

split2@^2.2.0:
  version "2.2.0"
  resolved "http://registry.npm.taobao.org/split2/download/split2-2.2.0.tgz#186b2575bcf83e85b7d18465756238ee4ee42493"
  dependencies:
    through2 "^2.0.2"

"statuses@>= 1.5.0 < 2":
  version "1.5.0"
  resolved "http://registry.npm.taobao.org/statuses/download/statuses-1.5.0.tgz#161c7dac177659fd9811f43771fa99381478628c"

steed@^1.1.3:
  version "1.1.3"
  resolved "http://registry.npm.taobao.org/steed/download/steed-1.1.3.tgz#f1525dd5adb12eb21bf74749537668d625b9abc5"
  dependencies:
    fastfall "^1.5.0"
    fastparallel "^2.2.0"
    fastq "^1.3.0"
    fastseries "^1.7.0"
    reusify "^1.0.0"

string_decoder@^1.1.1:
  version "1.2.0"
  resolved "http://registry.npm.taobao.org/string_decoder/download/string_decoder-1.2.0.tgz#fe86e738b19544afe70469243b2a1ee9240eae8d"
  dependencies:
    safe-buffer "~5.1.0"

string_decoder@~1.1.1:
  version "1.1.1"
  resolved "http://registry.npm.taobao.org/string_decoder/download/string_decoder-1.1.1.tgz#9cf1611ba62685d7030ae9e4ba34149c3af03fc8"
  dependencies:
    safe-buffer "~5.1.0"

supports-color@^5.3.0:
  version "5.5.0"
  resolved "http://registry.npm.taobao.org/supports-color/download/supports-color-5.5.0.tgz#e2e69a44ac8772f78a1ec0b35b689df6530efc8f"
  dependencies:
    has-flag "^3.0.0"

through2@^2.0.2:
  version "2.0.5"
  resolved "http://registry.npm.taobao.org/through2/download/through2-2.0.5.tgz#01c1e39eb31d07cb7d03a96a70823260b23132cd"
  dependencies:
    readable-stream "~2.3.6"
    xtend "~4.0.1"

tiny-lru@^2.0.0:
  version "2.0.0"
  resolved "http://registry.npm.taobao.org/tiny-lru/download/tiny-lru-2.0.0.tgz#1491ae2bd82d658246290fe48334039836cc6146"

toidentifier@1.0.0:
  version "1.0.0"
  resolved "http://registry.npm.taobao.org/toidentifier/download/toidentifier-1.0.0.tgz#7e1be3470f1e77948bc43d94a3c8f4d7752ba553"

uri-js@^4.2.2:
  version "4.2.2"
  resolved "http://registry.npm.taobao.org/uri-js/download/uri-js-4.2.2.tgz#94c540e1ff772956e2299507c010aea6c8838eb0"
  dependencies:
    punycode "^2.1.0"

util-deprecate@^1.0.1, util-deprecate@~1.0.1:
  version "1.0.2"
  resolved "http://registry.npm.taobao.org/util-deprecate/download/util-deprecate-1.0.2.tgz#450d4dc9fa70de732762fbd2d4a28981419a0ccf"

wrappy@1:
  version "1.0.2"
  resolved "http://registry.npm.taobao.org/wrappy/download/wrappy-1.0.2.tgz#b5243d8f3ec1aa35f1364605bc0d1036e30ab69f"

xtend@^4.0.0, xtend@^4.0.1, xtend@~4.0.1:
  version "4.0.1"
  resolved "http://registry.npm.taobao.org/xtend/download/xtend-4.0.1.tgz#a5c6d532be656e23db820efb943a1f04998d63af"
