# THIS IS AN AUTOGENERATED FILE. DO NOT EDIT THIS FILE DIRECTLY.
# yarn lockfile v1


abstract-logging@^1.0.0:
  version "1.0.0"
  resolved "http://registry.npm.taobao.org/abstract-logging/download/abstract-logging-1.0.0.tgz#8b7deafd310559bc28f77724dd1bb30177278c1b"

ajv@^6.0.0:
  version "6.7.0"
  resolved "http://registry.npm.taobao.org/ajv/download/ajv-6.7.0.tgz#e3ce7bb372d6577bb1839f1dfdfcbf5ad2948d96"
  dependencies:
    fast-deep-equal "^2.0.1"
    fast-json-stable-stringify "^2.0.0"
    json-schema-traverse "^0.4.1"
    uri-js "^4.2.2"

ajv@^6.6.0, ajv@^6.8.1:
  version "6.9.1"
  resolved "http://registry.npm.taobao.org/ajv/download/ajv-6.9.1.tgz#a4d3683d74abc5670e75f0b16520f70a20ea8dc1"
  dependencies:
    fast-deep-equal "^2.0.1"
    fast-json-stable-stringify "^2.0.0"
    json-schema-traverse "^0.4.1"
    uri-js "^4.2.2"

avvio@^6.0.0:
  version "6.0.1"
  resolved "http://registry.npm.taobao.org/avvio/download/avvio-6.0.1.tgz#bafd79c9cfa45a227eaac210093c8bf8cf0e1e75"
  dependencies:
    debug "^4.0.0"
    fastq "^1.6.0"

bluebird@3.5.1:
  version "3.5.1"
  resolved "http://registry.npm.taobao.org/bluebird/download/bluebird-3.5.1.tgz#d9551f9de98f1fcda1e683d17ee91a0602ee2eb9"

bourne@^1.1.0:
  version "1.1.2"
  resolved "http://registry.npm.taobao.org/bourne/download/bourne-1.1.2.tgz#e290b5bd7166635632eaf8ef12b006b2d4a75b83"

bson@^1.1.1, bson@~1.1.1:
  version "1.1.1"
  resolved "https://registry.yarnpkg.com/bson/-/bson-1.1.1.tgz#4330f5e99104c4e751e7351859e2d408279f2f13"

buffer-equal-constant-time@1.0.1:
  version "1.0.1"
  resolved "http://registry.npm.taobao.org/buffer-equal-constant-time/download/buffer-equal-constant-time-1.0.1.tgz#f8e71132f7ffe6e01a5c9697a4c6f3e48d5cc819"

dayjs@^1.8.5:
  version "1.8.5"
  resolved "http://registry.npm.taobao.org/dayjs/download/dayjs-1.8.5.tgz#0b066770f89a20022218544989f3d23e5e8db29a"

debug@3.1.0:
  version "3.1.0"
  resolved "http://registry.npm.taobao.org/debug/download/debug-3.1.0.tgz#5bb5a0672628b64149566ba16819e61518c67261"
  dependencies:
    ms "2.0.0"

debug@^4.0.0:
  version "4.1.1"
  resolved "http://registry.npm.taobao.org/debug/download/debug-4.1.1.tgz#3b72260255109c6b589cee050f1d516139664791"
  dependencies:
    ms "^2.1.1"

deepmerge@^3.0.0:
  version "3.1.0"
  resolved "http://registry.npm.taobao.org/deepmerge/download/deepmerge-3.1.0.tgz#a612626ce4803da410d77554bfd80361599c034d"

depd@~1.1.2:
  version "1.1.2"
  resolved "http://registry.npm.taobao.org/depd/download/depd-1.1.2.tgz#9bcd52e14c097763e749b274c4346ed2e560b5a9"

ecdsa-sig-formatter@1.0.10:
  version "1.0.10"
  resolved "http://registry.npm.taobao.org/ecdsa-sig-formatter/download/ecdsa-sig-formatter-1.0.10.tgz#1c595000f04a8897dfb85000892a0f4c33af86c3"
  dependencies:
    safe-buffer "^5.0.1"

fast-decode-uri-component@^1.0.0:
  version "1.0.0"
  resolved "http://registry.npm.taobao.org/fast-decode-uri-component/download/fast-decode-uri-component-1.0.0.tgz#7ce10336aa4b26286fee93d71e6785ff0f596a33"

fast-deep-equal@^2.0.1:
  version "2.0.1"
  resolved "http://registry.npm.taobao.org/fast-deep-equal/download/fast-deep-equal-2.0.1.tgz#7b05218ddf9667bf7f370bf7fdb2cb15fdd0aa49"

fast-json-stable-stringify@^2.0.0:
  version "2.0.0"
  resolved "http://registry.npm.taobao.org/fast-json-stable-stringify/download/fast-json-stable-stringify-2.0.0.tgz#d5142c0caee6b1189f87d3a76111064f86c8bbf2"

fast-json-stringify@^1.9.1:
  version "1.11.0"
  resolved "http://registry.npm.taobao.org/fast-json-stringify/download/fast-json-stringify-1.11.0.tgz#de7f5147e044b937bc5748b913140efc47c162b7"
  dependencies:
    ajv "^6.8.1"
    deepmerge "^3.0.0"

fast-redact@^1.4.2:
  version "1.4.4"
  resolved "http://registry.npm.taobao.org/fast-redact/download/fast-redact-1.4.4.tgz#d29bd1d0cc3ab808a9d4f9870f6e27e85c750db4"

fast-safe-stringify@^2.0.6:
  version "2.0.6"
  resolved "http://registry.npm.taobao.org/fast-safe-stringify/download/fast-safe-stringify-2.0.6.tgz#04b26106cc56681f51a044cfc0d76cf0008ac2c2"

fastfall@^1.5.0:
  version "1.5.1"
  resolved "http://registry.npm.taobao.org/fastfall/download/fastfall-1.5.1.tgz#3fee03331a49d1d39b3cdf7a5e9cd66f475e7b94"
  dependencies:
    reusify "^1.0.0"

fastify-cors@2.x:
  version "2.1.1"
  resolved "http://registry.npm.taobao.org/fastify-cors/download/fastify-cors-2.1.1.tgz#614bb87ba9fc6684eca86340380b7ed9e198a032"
  dependencies:
    fastify-plugin "^1.5.0"
    vary "^1.1.2"

fastify-jwt@^0.9.1:
  version "0.9.1"
  resolved "http://registry.npm.taobao.org/fastify-jwt/download/fastify-jwt-0.9.1.tgz#77fa5c5bd14cb22c8e5f778021e8445b9aa5f10c"
  dependencies:
    fastify-plugin "^1.2.0"
    http-errors "^1.7.1"
    jsonwebtoken "^8.3.0"
    steed "^1.1.3"

fastify-plugin@^1.2.0, fastify-plugin@^1.5.0:
  version "1.5.0"
  resolved "http://registry.npm.taobao.org/fastify-plugin/download/fastify-plugin-1.5.0.tgz#4bea12c54112f4749c17f3a1f17356cbdfa661af"
  dependencies:
    semver "^5.5.0"

fastify-plugin@^1.4.0:
  version "1.4.0"
  resolved "http://registry.npm.taobao.org/fastify-plugin/download/fastify-plugin-1.4.0.tgz#9f63ffc304a2f34e890773e78d2ba6908536e5b2"
  dependencies:
    semver "^5.5.0"

fastify@^2.0.0-rc.6:
  version "2.0.0-rc.6"
  resolved "http://registry.npm.taobao.org/fastify/download/fastify-2.0.0-rc.6.tgz#48fc6ebddcaa8c3aea1026bc851dfdf72ebe8d48"
  dependencies:
    abstract-logging "^1.0.0"
    ajv "^6.6.0"
    avvio "^6.0.0"
    bourne "^1.1.0"
    fast-json-stringify "^1.9.1"
    find-my-way "^1.18.0"
    flatstr "^1.0.8"
    light-my-request "^3.0.0"
    middie "^4.0.0"
    pino "^5.0.0"
    proxy-addr "^2.0.3"
    readable-stream "^3.1.1"
    tiny-lru "^6.0.1"

fastparallel@^2.2.0:
  version "2.3.0"
  resolved "http://registry.npm.taobao.org/fastparallel/download/fastparallel-2.3.0.tgz#1e709bfb6a03993f3857e3ce7f01311ce7602613"
  dependencies:
    reusify "^1.0.0"
    xtend "^4.0.1"

fastq@^1.3.0, fastq@^1.6.0:
  version "1.6.0"
  resolved "http://registry.npm.taobao.org/fastq/download/fastq-1.6.0.tgz#4ec8a38f4ac25f21492673adb7eae9cfef47d1c2"
  dependencies:
    reusify "^1.0.0"

fastseries@^1.7.0:
  version "1.7.2"
  resolved "http://registry.npm.taobao.org/fastseries/download/fastseries-1.7.2.tgz#d22ce13b9433dff3388d91dbd6b8bda9b21a0f4b"
  dependencies:
    reusify "^1.0.0"
    xtend "^4.0.0"

find-my-way@^1.18.0:
  version "1.18.1"
  resolved "http://registry.npm.taobao.org/find-my-way/download/find-my-way-1.18.1.tgz#5db605eab7211ee6af7ab08eb4f568060aa8e9f6"
  dependencies:
    fast-decode-uri-component "^1.0.0"
    safe-regex "^1.1.0"
    semver-store "^0.3.0"

flatstr@^1.0.8, flatstr@^1.0.9:
  version "1.0.9"
  resolved "http://registry.npm.taobao.org/flatstr/download/flatstr-1.0.9.tgz#0950d56fec02de1030c1311847ecd58c25690eb9"

forwarded@~0.1.2:
  version "0.1.2"
  resolved "http://registry.npm.taobao.org/forwarded/download/forwarded-0.1.2.tgz#98c23dab1175657b8c0573e8ceccd91b0ff18c84"

http-errors@^1.7.1:
  version "1.7.1"
  resolved "http://registry.npm.taobao.org/http-errors/download/http-errors-1.7.1.tgz#6a4ffe5d35188e1c39f872534690585852e1f027"
  dependencies:
    depd "~1.1.2"
    inherits "2.0.3"
    setprototypeof "1.1.0"
    statuses ">= 1.5.0 < 2"
    toidentifier "1.0.0"

inherits@2.0.3, inherits@^2.0.3:
  version "2.0.3"
  resolved "http://registry.npm.taobao.org/inherits/download/inherits-2.0.3.tgz#633c2c83e3da42a502f52466022480f4208261de"

ip2region@^1.6.0:
  version "1.6.0"
  resolved "http://registry.npm.taobao.org/ip2region/download/ip2region-1.6.0.tgz#b64861ca2b03480ce205b5a5cd7e0f7e4e9b87d7"

ipaddr.js@1.8.0:
  version "1.8.0"
  resolved "http://registry.npm.taobao.org/ipaddr.js/download/ipaddr.js-1.8.0.tgz#eaa33d6ddd7ace8f7f6fe0c9ca0440e706738b1e"

json-schema-traverse@^0.4.1:
  version "0.4.1"
  resolved "http://registry.npm.taobao.org/json-schema-traverse/download/json-schema-traverse-0.4.1.tgz#69f6a87d9513ab8bb8fe63bdb0979c448e684660"

jsonwebtoken@^8.3.0:
  version "8.4.0"
  resolved "http://registry.npm.taobao.org/jsonwebtoken/download/jsonwebtoken-8.4.0.tgz#8757f7b4cb7440d86d5e2f3becefa70536c8e46a"
  dependencies:
    jws "^3.1.5"
    lodash.includes "^4.3.0"
    lodash.isboolean "^3.0.3"
    lodash.isinteger "^4.0.4"
    lodash.isnumber "^3.0.3"
    lodash.isplainobject "^4.0.6"
    lodash.isstring "^4.0.1"
    lodash.once "^4.0.0"
    ms "^2.1.1"

jwa@^1.2.0:
  version "1.2.0"
  resolved "http://registry.npm.taobao.org/jwa/download/jwa-1.2.0.tgz#606da70c1c6d425cad329c77c99f2df2a981489a"
  dependencies:
    buffer-equal-constant-time "1.0.1"
    ecdsa-sig-formatter "1.0.10"
    safe-buffer "^5.0.1"

jws@^3.1.5:
  version "3.2.1"
  resolved "http://registry.npm.taobao.org/jws/download/jws-3.2.1.tgz#d79d4216a62c9afa0a3d5e8b5356d75abdeb2be5"
  dependencies:
    jwa "^1.2.0"
    safe-buffer "^5.0.1"

kareem@2.3.1:
  version "2.3.1"
  resolved "https://registry.yarnpkg.com/kareem/-/kareem-2.3.1.tgz#def12d9c941017fabfb00f873af95e9c99e1be87"

light-my-request@^3.0.0:
  version "3.1.0"
  resolved "http://registry.npm.taobao.org/light-my-request/download/light-my-request-3.1.0.tgz#c2bc47c329622d4282cd34764f6f4dfbcbe73144"
  dependencies:
    ajv "^6.0.0"
    readable-stream "^3.0.0"

lodash.includes@^4.3.0:
  version "4.3.0"
  resolved "http://registry.npm.taobao.org/lodash.includes/download/lodash.includes-4.3.0.tgz#60bb98a87cb923c68ca1e51325483314849f553f"

lodash.isboolean@^3.0.3:
  version "3.0.3"
  resolved "http://registry.npm.taobao.org/lodash.isboolean/download/lodash.isboolean-3.0.3.tgz#6c2e171db2a257cd96802fd43b01b20d5f5870f6"

lodash.isinteger@^4.0.4:
  version "4.0.4"
  resolved "http://registry.npm.taobao.org/lodash.isinteger/download/lodash.isinteger-4.0.4.tgz#619c0af3d03f8b04c31f5882840b77b11cd68343"

lodash.isnumber@^3.0.3:
  version "3.0.3"
  resolved "http://registry.npm.taobao.org/lodash.isnumber/download/lodash.isnumber-3.0.3.tgz#3ce76810c5928d03352301ac287317f11c0b1ffc"

lodash.isplainobject@^4.0.6:
  version "4.0.6"
  resolved "http://registry.npm.taobao.org/lodash.isplainobject/download/lodash.isplainobject-4.0.6.tgz#7c526a52d89b45c45cc690b88163be0497f550cb"

lodash.isstring@^4.0.1:
  version "4.0.1"
  resolved "http://registry.npm.taobao.org/lodash.isstring/download/lodash.isstring-4.0.1.tgz#d527dfb5456eca7cc9bb95d5daeaf88ba54a5451"

lodash.omit@^4.5.0:
  version "4.5.0"
  resolved "http://registry.npm.taobao.org/lodash.omit/download/lodash.omit-4.5.0.tgz#6eb19ae5a1ee1dd9df0b969e66ce0b7fa30b5e60"

lodash.once@^4.0.0:
  version "4.1.1"
  resolved "http://registry.npm.taobao.org/lodash.once/download/lodash.once-4.1.1.tgz#0dd3971213c7c56df880977d504c88fb471a97ac"

middie@^4.0.0:
  version "4.0.1"
  resolved "http://registry.npm.taobao.org/middie/download/middie-4.0.1.tgz#24b4333034926ebd7831ed58766d050c1ce6300a"
  dependencies:
    path-to-regexp "^3.0.0"
    reusify "^1.0.2"

mongodb@3.3.2:
  version "3.3.2"
  resolved "https://registry.yarnpkg.com/mongodb/-/mongodb-3.3.2.tgz#ff086b5f552cf07e24ce098694210f3d42d668b2"
  dependencies:
    bson "^1.1.1"
    require_optional "^1.0.1"
    safe-buffer "^5.1.2"

mongoose-legacy-pluralize@1.0.2:
  version "1.0.2"
  resolved "http://registry.npm.taobao.org/mongoose-legacy-pluralize/download/mongoose-legacy-pluralize-1.0.2.tgz#3ba9f91fa507b5186d399fb40854bff18fb563e4"

mongoose@^5.7.5:
  version "5.7.5"
  resolved "https://registry.yarnpkg.com/mongoose/-/mongoose-5.7.5.tgz#b787b47216edf62036aa358c3ef0f1869c46cdc2"
  dependencies:
    bson "~1.1.1"
    kareem "2.3.1"
    mongodb "3.3.2"
    mongoose-legacy-pluralize "1.0.2"
    mpath "0.6.0"
    mquery "3.2.2"
    ms "2.1.2"
    regexp-clone "1.0.0"
    safe-buffer "5.1.2"
    sift "7.0.1"
    sliced "1.0.1"

mpath@0.6.0:
  version "0.6.0"
  resolved "https://registry.yarnpkg.com/mpath/-/mpath-0.6.0.tgz#aa922029fca4f0f641f360e74c5c1b6a4c47078e"

mquery@3.2.2:
  version "3.2.2"
  resolved "https://registry.yarnpkg.com/mquery/-/mquery-3.2.2.tgz#e1383a3951852ce23e37f619a9b350f1fb3664e7"
  dependencies:
    bluebird "3.5.1"
    debug "3.1.0"
    regexp-clone "^1.0.0"
    safe-buffer "5.1.2"
    sliced "1.0.1"

ms@2.0.0:
  version "2.0.0"
  resolved "http://registry.npm.taobao.org/ms/download/ms-2.0.0.tgz#5608aeadfc00be6c2901df5f9861788de0d597c8"

ms@2.1.2, ms@^2.1.1:
  version "2.1.2"
  resolved "https://registry.yarnpkg.com/ms/-/ms-2.1.2.tgz#d09d1f357b443f493382a8eb3ccd183872ae6009"

path-to-regexp@^3.0.0:
  version "3.0.0"
  resolved "http://registry.npm.taobao.org/path-to-regexp/download/path-to-regexp-3.0.0.tgz#c981a218f3df543fa28696be2f88e0c58d2e012a"

pino-std-serializers@^2.3.0:
  version "2.3.0"
  resolved "http://registry.npm.taobao.org/pino-std-serializers/download/pino-std-serializers-2.3.0.tgz#34eeaab97c055c28e22c0542ae55978e7e427786"

pino@^5.0.0:
  version "5.11.1"
  resolved "http://registry.npm.taobao.org/pino/download/pino-5.11.1.tgz#2d6d8edb7ebc7c354be03bfa04fd436352e1d67b"
  dependencies:
    fast-redact "^1.4.2"
    fast-safe-stringify "^2.0.6"
    flatstr "^1.0.9"
    pino-std-serializers "^2.3.0"
    quick-format-unescaped "^3.0.0"
    sonic-boom "^0.7.1"

proxy-addr@^2.0.3:
  version "2.0.4"
  resolved "http://registry.npm.taobao.org/proxy-addr/download/proxy-addr-2.0.4.tgz#ecfc733bf22ff8c6f407fa275327b9ab67e48b93"
  dependencies:
    forwarded "~0.1.2"
    ipaddr.js "1.8.0"

punycode@^2.1.0:
  version "2.1.1"
  resolved "http://registry.npm.taobao.org/punycode/download/punycode-2.1.1.tgz#b58b010ac40c22c5657616c8d2c2c02c7bf479ec"

qs@^6.6.0:
  version "6.6.0"
  resolved "http://registry.npm.taobao.org/qs/download/qs-6.6.0.tgz#a99c0f69a8d26bf7ef012f871cdabb0aee4424c2"

quick-format-unescaped@^3.0.0:
  version "3.0.2"
  resolved "http://registry.npm.taobao.org/quick-format-unescaped/download/quick-format-unescaped-3.0.2.tgz#0137e94d8fb37ffeb70040535111c378e75396fb"

readable-stream@^3.0.0, readable-stream@^3.1.1:
  version "3.1.1"
  resolved "http://registry.npm.taobao.org/readable-stream/download/readable-stream-3.1.1.tgz#ed6bbc6c5ba58b090039ff18ce670515795aeb06"
  dependencies:
    inherits "^2.0.3"
    string_decoder "^1.1.1"
    util-deprecate "^1.0.1"

regexp-clone@1.0.0, regexp-clone@^1.0.0:
  version "1.0.0"
  resolved "https://registry.yarnpkg.com/regexp-clone/-/regexp-clone-1.0.0.tgz#222db967623277056260b992626354a04ce9bf63"

require_optional@^1.0.1:
  version "1.0.1"
  resolved "http://registry.npm.taobao.org/require_optional/download/require_optional-1.0.1.tgz#4cf35a4247f64ca3df8c2ef208cc494b1ca8fc2e"
  dependencies:
    resolve-from "^2.0.0"
    semver "^5.1.0"

resolve-from@^2.0.0:
  version "2.0.0"
  resolved "http://registry.npm.taobao.org/resolve-from/download/resolve-from-2.0.0.tgz#9480ab20e94ffa1d9e80a804c7ea147611966b57"

ret@~0.1.10:
  version "0.1.15"
  resolved "http://registry.npm.taobao.org/ret/download/ret-0.1.15.tgz#b8a4825d5bdb1fc3f6f53c2bc33f81388681c7bc"

reusify@^1.0.0, reusify@^1.0.2:
  version "1.0.4"
  resolved "http://registry.npm.taobao.org/reusify/download/reusify-1.0.4.tgz#90da382b1e126efc02146e90845a88db12925d76"

safe-buffer@5.1.2, safe-buffer@^5.0.1, safe-buffer@^5.1.2, safe-buffer@~5.1.0:
  version "5.1.2"
  resolved "http://registry.npm.taobao.org/safe-buffer/download/safe-buffer-5.1.2.tgz#991ec69d296e0313747d59bdfd2b745c35f8828d"

safe-regex@^1.1.0:
  version "1.1.0"
  resolved "http://registry.npm.taobao.org/safe-regex/download/safe-regex-1.1.0.tgz#40a3669f3b077d1e943d44629e157dd48023bf2e"
  dependencies:
    ret "~0.1.10"

semver-store@^0.3.0:
  version "0.3.0"
  resolved "http://registry.npm.taobao.org/semver-store/download/semver-store-0.3.0.tgz#ce602ff07df37080ec9f4fb40b29576547befbe9"

semver@^5.1.0, semver@^5.5.0:
  version "5.6.0"
  resolved "http://registry.npm.taobao.org/semver/download/semver-5.6.0.tgz#7e74256fbaa49c75aa7c7a205cc22799cac80004"

setprototypeof@1.1.0:
  version "1.1.0"
  resolved "http://registry.npm.taobao.org/setprototypeof/download/setprototypeof-1.1.0.tgz#d0bd85536887b6fe7c0d818cb962d9d91c54e656"

sift@7.0.1:
  version "7.0.1"
  resolved "https://registry.yarnpkg.com/sift/-/sift-7.0.1.tgz#47d62c50b159d316f1372f8b53f9c10cd21a4b08"

sliced@1.0.1:
  version "1.0.1"
  resolved "http://registry.npm.taobao.org/sliced/download/sliced-1.0.1.tgz#0b3a662b5d04c3177b1926bea82b03f837a2ef41"

sonic-boom@^0.7.1:
  version "0.7.3"
  resolved "http://registry.npm.taobao.org/sonic-boom/download/sonic-boom-0.7.3.tgz#cbfc18e87c2b8078b00e38ad9475c05fce5ea696"
  dependencies:
    flatstr "^1.0.9"

"statuses@>= 1.5.0 < 2":
  version "1.5.0"
  resolved "http://registry.npm.taobao.org/statuses/download/statuses-1.5.0.tgz#161c7dac177659fd9811f43771fa99381478628c"

steed@^1.1.3:
  version "1.1.3"
  resolved "http://registry.npm.taobao.org/steed/download/steed-1.1.3.tgz#f1525dd5adb12eb21bf74749537668d625b9abc5"
  dependencies:
    fastfall "^1.5.0"
    fastparallel "^2.2.0"
    fastq "^1.3.0"
    fastseries "^1.7.0"
    reusify "^1.0.0"

string_decoder@^1.1.1:
  version "1.2.0"
  resolved "http://registry.npm.taobao.org/string_decoder/download/string_decoder-1.2.0.tgz#fe86e738b19544afe70469243b2a1ee9240eae8d"
  dependencies:
    safe-buffer "~5.1.0"

tiny-lru@^6.0.1:
  version "6.0.1"
  resolved "http://registry.npm.taobao.org/tiny-lru/download/tiny-lru-6.0.1.tgz#558bd6b7232b8b9dfa482147539676fdd75a3a07"

toidentifier@1.0.0:
  version "1.0.0"
  resolved "http://registry.npm.taobao.org/toidentifier/download/toidentifier-1.0.0.tgz#7e1be3470f1e77948bc43d94a3c8f4d7752ba553"

uri-js@^4.2.2:
  version "4.2.2"
  resolved "http://registry.npm.taobao.org/uri-js/download/uri-js-4.2.2.tgz#94c540e1ff772956e2299507c010aea6c8838eb0"
  dependencies:
    punycode "^2.1.0"

util-deprecate@^1.0.1:
  version "1.0.2"
  resolved "http://registry.npm.taobao.org/util-deprecate/download/util-deprecate-1.0.2.tgz#450d4dc9fa70de732762fbd2d4a28981419a0ccf"

vary@^1.1.2:
  version "1.1.2"
  resolved "http://registry.npm.taobao.org/vary/download/vary-1.1.2.tgz#2299f02c6ded30d4a5961b0b9f74524a18f634fc"

xtend@^4.0.0, xtend@^4.0.1:
  version "4.0.1"
  resolved "http://registry.npm.taobao.org/xtend/download/xtend-4.0.1.tgz#a5c6d532be656e23db820efb943a1f04998d63af"
